lockfileVersion: '9.0'

settings:
  autoInstallPeers: true
  excludeLinksFromLockfile: false

importers:

  .:
    dependencies:
      lit:
        specifier: 3.3.3
        version: 3.3.3
    devDependencies:
      '@rollup/plugin-node-resolve':
        specifier: 16.0.3
        version: 16.0.3(rollup@4.64.0)
      happy-dom:
        specifier: 20.14.5
        version: 20.14.5
      rollup:
        specifier: 4.64.0
        version: 4.64.0

packages:

  '@lit-labs/ssr-dom-shim@1.6.0':
    resolution: {integrity: sha512-VHb0ALPMTlgKjM6yIxxoQNnpKyUKLD04VzeQdsiXkMqkvYlAHxq9glGLmgbb889/1GsohSOAjvQYoiBppXFqrQ==}

  '@lit/reactive-element@2.1.2':
    resolution: {integrity: sha512-pbCDiVMnne1lYUIaYNN5wrwQXDtHaYtg7YEFPeW+hws6U47WeFvISGUWekPGKWOP1ygrs0ef0o1VJMk1exos5A==}

  '@napi-rs/lzma-linux-x64-gnu@1.5.1':
    resolution: {integrity: sha512-oTXEIha4SsuXdTA4Iyskj0kpdx2yVXdhd75c2v3xGrHFfVMsbhTPZU/nMPL4sWKo4pBHm3aucLaqGlF696dTyQ==}
    engines: {node: ^22.20 || ^24.12 || >=25}
    cpu: [x64]
    os: [linux]
    libc: [glibc]

  '@rollup/plugin-node-resolve@16.0.3':
    resolution: {integrity: sha512-lUYM3UBGuM93CnMPG1YocWu7X802BrNF3jW2zny5gQyLQgRFJhV1Sq0Zi74+dh/6NBx1DxFC4b4GXg9wUCG5Qg==}
    engines: {node: '>=14.0.0'}
    peerDependencies:
      rollup: ^2.78.0||^3.0.0||^4.0.0
    peerDependenciesMeta:
      rollup:
        optional: true

  '@rollup/pluginutils@5.4.0':
    resolution: {integrity: sha512-MfPp06CjRLfXQ3wY0R8vJDYBy/MvVcc9OulEfR0B8Iv9ko+GCNaRZ+EpJYFl27LhKsZK0o420sYCRHCjfCgeUg==}
    engines: {node: '>=14.0.0'}
    peerDependencies:
      rollup: ^1.20.0||^2.0.0||^3.0.0||^4.0.0
    peerDependenciesMeta:
      rollup:
        optional: true

  '@rollup/rollup-android-arm-eabi@4.64.0':
    resolution: {integrity: sha512-FLLpX941CD/7aBvX3GqLGBM9OvY5PGXTryPJkG5r5/OuBpZpV5k45Uo3RxAvqd35tsyc3hH1bhtz921IKzoIzg==}
    cpu: [arm]
    os: [android]

  '@rollup/rollup-android-arm64@4.64.0':
    resolution: {integrity: sha512-iI32XM/jnDYJsvx5ai/za/7gWO9XoSeFFtU06/ZCaRgyilfJOjaopD3nOpk2WrTCGOyeDt4hleUiGOAnd5tHNg==}
    cpu: [arm64]
    os: [android]

  '@rollup/rollup-darwin-arm64@4.64.0':
    resolution: {integrity: sha512-dRBZlbt2sEtF8Mn4MODThze9fIPdDoOhVSlXMAKy5dQbOYK9pOOoPY4Fat3OTtr0+8zbJo5TTZwlsfxY/kDNJg==}
    cpu: [arm64]
    os: [darwin]

  '@rollup/rollup-darwin-x64@4.64.0':
    resolution: {integrity: sha512-Y3whrJOMucfkhgNkvcM93M6j8C53iEAMmPMYD99C6G1kUy4ELigLWk9ar2/4aCBSRgsql0zdlOemLgW2m5GZgQ==}
    cpu: [x64]
    os: [darwin]

  '@rollup/rollup-freebsd-arm64@4.64.0':
    resolution: {integrity: sha512-S6S1GEzPjFF6IONYJX3AKt/799+8RgBgCcwRnUo+Ep1IvBxUbw5M51iU0TDdK2NWWVnSvCQ8yi6Em0fGASMOng==}
    cpu: [arm64]
    os: [freebsd]

  '@rollup/rollup-freebsd-x64@4.64.0':
    resolution: {integrity: sha512-Ed1DPoFENkXj4IGzSB12SesV40iP6LxCCrbTIkSGIQBpOOxpBM+0kj62lmaeIHfMWTDoddqTOtqc7s8LYfn+Pw==}
    cpu: [x64]
    os: [freebsd]

  '@rollup/rollup-linux-arm-gnueabihf@4.64.0':
    resolution: {integrity: sha512-J/6xhutJPtFyIkmHdf4olOdHHKH5kOJNumojdWn+Elv5ICEYTVOa362Vw27TxsK0BLzb1le3EDlO3UbvFK1lnQ==}
    cpu: [arm]
    os: [linux]
    libc: [glibc]

  '@rollup/rollup-linux-arm-musleabihf@4.64.0':
    resolution: {integrity: sha512-G4L/Nnx59d2LvDoV/P4S5lZ7oVLT6hodOHMacqjiq2LL2gts86KbkEBTYL53+fBt0odhf7XPIbIATGoYiJctxg==}
    cpu: [arm]
    os: [linux]
    libc: [musl]

  '@rollup/rollup-linux-arm64-gnu@4.64.0':
    resolution: {integrity: sha512-zF16pvJDEUksGYRbfnXne7pdklAyj2XDmJeYKgP93oq0cUyX9Y8O7lUo1R+IY1GagP/YBvCEDCe7eEcAKpw//g==}
    cpu: [arm64]
    os: [linux]
    libc: [glibc]

  '@rollup/rollup-linux-arm64-musl@4.64.0':
    resolution: {integrity: sha512-nIggWn8n+w12+R5lsV+PYYoUY8vuObxPAQqJI7WES+9v0qspYuAHoZMfYM0yLxlipasT5BY9ht5W8t5c/rSCkg==}
    cpu: [arm64]
    os: [linux]
    libc: [musl]

  '@rollup/rollup-linux-loong64-gnu@4.64.0':
    resolution: {integrity: sha512-WLOTiHPzszP0dxIMsHpFeDSOSB5I49Mj8K4+yKE3H1X/D0JRG5XZ5jrctJLMjnUc/LUzaKiwq6EHWNJ8pup8PA==}
    cpu: [loong64]
    os: [linux]
    libc: [glibc]

  '@rollup/rollup-linux-loong64-musl@4.64.0':
    resolution: {integrity: sha512-35RK9aRhh7g7Pmeu5gQ01aCvrhXzj9LoBE6xtUcEH1ns+nyTaSzxSpADmBQINu4QiTDGvmQYwo1j5hlg1rRXFw==}
    cpu: [loong64]
    os: [linux]
    libc: [musl]

  '@rollup/rollup-linux-ppc64-gnu@4.64.0':
    resolution: {integrity: sha512-RqTfnpoTjuWfPAmqK5p2edt2AMCDJWm6oTn7sKfmyx+6tRga0ip05SJ977o6udTcIiDeF/CJMUfkaN4gtWt6Aw==}
    cpu: [ppc64]
    os: [linux]
    libc: [glibc]

  '@rollup/rollup-linux-ppc64-musl@4.64.0':
    resolution: {integrity: sha512-RQjZPigjxFvFZDijG6rjlSXxhRaTf9zLYVpGK+lVcga64oMqP1GbgVqCb46eHTTceSIgp89Ja0y5aPe3GFBYHg==}
    cpu: [ppc64]
    os: [linux]
    libc: [musl]

  '@rollup/rollup-linux-riscv64-gnu@4.64.0':
    resolution: {integrity: sha512-tjL58mgQcTRnDRpeky+Sth1MKQeYi2Ct6r3Luq9E5aTSjnM/i/JbozqZkKqp9thM5+oDSZxo+05f9kdQedfTGA==}
    cpu: [riscv64]
    os: [linux]
    libc: [glibc]

  '@rollup/rollup-linux-riscv64-musl@4.64.0':
    resolution: {integrity: sha512-ictoRyVaoZ8C67myHef+8hhCa6IplXJJ/xUCkVCxziV4zxMZh+jvhkhGsPBLqj1S72fnqD0QH5zL4lcaa4X7DQ==}
    cpu: [riscv64]
    os: [linux]
    libc: [musl]

  '@rollup/rollup-linux-s390x-gnu@4.64.0':
    resolution: {integrity: sha512-8aVvZ2hfr9RLFzBQkQNmYeHLDja8fLeQAmLt757zdKN/B+8L809KlLJKctQjS22wZotptV8G6o7fVPuAs8S1tQ==}
    cpu: [s390x]
    os: [linux]
    libc: [glibc]

  '@rollup/rollup-linux-x64-gnu@4.64.0':
    resolution: {integrity: sha512-2dEF8GAcDKwshUfydD+GhosppNyBzhVUHkdFF3CXd3FpOkzj/RZzF5aoEtzklujklT5qFVRU2GK/cFeLaTNKVg==}
    cpu: [x64]
    os: [linux]
    libc: [glibc]

  '@rollup/rollup-linux-x64-musl@4.64.0':
    resolution: {integrity: sha512-3XHTvoo2hKkh0MiOfS7SkhHjMaaWF7P4F3drocZZaho/Z8w7h/jpnuBHm91BOQLfvrKHs1yR+zir4E8RI3XzTQ==}
    cpu: [x64]
    os: [linux]
    libc: [musl]

  '@rollup/rollup-openbsd-x64@4.64.0':
    resolution: {integrity: sha512-HKtkzodL4a3KFWDXDoO61cRynAWTR3LnAE0oGtfG9lcNFpNuVYUFOByxDgNqEvic9rvaQbAj+SFwTEWDptRaIw==}
    cpu: [x64]
    os: [openbsd]

  '@rollup/rollup-openharmony-arm64@4.64.0':
    resolution: {integrity: sha512-JBsxqiY16uyyCujtoC3s7zL+SrYyNElptD7K4V+KUoJ2V8/XG3hPWpheK+SuPwNh1cikJvIZmIdsrYXvD6PLJw==}
    cpu: [arm64]
    os: [openharmony]

  '@rollup/rollup-win32-arm64-msvc@4.64.0':
    resolution: {integrity: sha512-S5Qrijh37qhnUYQ0ay8WN3LuWeKjow7wTUyCOPMZtnXiBXYXdsZETI6ZLfYnQAKovltckPLBFdNeD61P2rJc7g==}
    cpu: [arm64]
    os: [win32]

  '@rollup/rollup-win32-ia32-msvc@4.64.0':
    resolution: {integrity: sha512-zbZ6iMmLFEsCtTdc2/y1F/cDFVNNCPF7Ae8PCT/wdPE//hGwYp6r+MyCLMFX+kOeIe09Pz6ASfnnfpSTN1FJQQ==}
    cpu: [ia32]
    os: [win32]

  '@rollup/rollup-win32-x64-gnu@4.64.0':
    resolution: {integrity: sha512-L6Hw69oNpuYaOr1zCG30v0/DqKYCSRwodPGwIcVZ/6f8SOzq9rxtL/xNVI5MO4wjli+Ko0ErK9uHJL3mNPt8wQ==}
    cpu: [x64]
    os: [win32]

  '@rollup/rollup-win32-x64-msvc@4.64.0':
    resolution: {integrity: sha512-nl+CTWIgOGszQmUz/kanfgrfFZ4qiwxKIfT/ryl3N3Ewk5tqizmYtNXiqb7Bu/fDtNgu1kyxdFiAUJNur3iysg==}
    cpu: [x64]
    os: [win32]

  '@types/estree@1.0.9':
    resolution: {integrity: sha512-GhdPgy1el4/ImP05X05Uw4cw2/M93BCUmnEvWZNStlCzEKME4Fkk+YpoA5OiHNQmoS7Cafb8Xa3Pya8m1Qrzeg==}

  '@types/node@26.6.4':
    resolution: {integrity: sha512-ldVPDCzj7fsaGZrLB0NuHuTvJcsNasysBAqMolr/cgxrLd1xbqxIr3XJiPnHHJUCxj5sNF1vnRj9aWnrVh5Jcg==}

  '@types/resolve@1.20.2':
    resolution: {integrity: sha512-60BCwRFOZCQhDncwQdxxeOEEkbc5dIMccYLwbxsS4TUNeVECQ/pBJ0j09mrHOl/JJvpRPGwO9SvE4nR2Nb/a4Q==}

  '@types/trusted-types@2.0.7':
    resolution: {integrity: sha512-ScaPdn1dQczgbl0QFTeTOmVHFULt394XJgOQNoyVhZ6r2vLnMLJfBPd53SB52T/3G36VI1/g2MZaX0cwDuXsfw==}

  '@types/whatwg-mimetype@3.0.2':
    resolution: {integrity: sha512-c2AKvDT8ToxLIOUlN51gTiHXflsfIFisS4pO7pDPoKouJCESkhZnEy623gwP9laCy5lnLDAw1vAzu2vM2YLOrA==}

  '@types/ws@8.18.2':
    resolution: {integrity: sha512-67MQl+fpWKVTT1NYdnmo3U4sc/xPo/zQBncVnI74qmQa0z/b+1g6iYqNmGCPbxO+zz2aklb08a0oHfegiVd0/w==}

  buffer-image-size@0.6.4:
    resolution: {integrity: sha512-nEh+kZOPY1w+gcCMobZ6ETUp9WfibndnosbpwB1iJk/8Gt5ZF2bhS6+B6bPYz424KtwsR6Rflc3tCz1/ghX2dQ==}
    engines: {node: '>=4.0'}

  deepmerge@4.3.1:
    resolution: {integrity: sha512-3sUqbMEc77XqpdNO7FRyRog+eW3ph+GYCbj+rK+uYyRMuwsVy0rMiVtPn+QJlKFvWP/1PYpapqYn0Me2knFn+A==}
    engines: {node: '>=0.10.0'}

  entities@7.0.1:
    resolution: {integrity: sha512-TWrgLOFUQTH994YUyl1yT4uyavY5nNB5muff+RtWaqNVCAK408b5ZnnbNAUEWLTCpum9w6arT70i1XdQ4UeOPA==}
    engines: {node: '>=0.12'}

  es-errors@1.3.0:
    resolution: {integrity: sha512-Zf5H2Kxt2xjTvbJvP2ZWLEICxA6j+hAmMzIlypy4xcBg1vKVnx89Wy0GbS+kf5cwCVFFzdCFh2XSCFNULS6csw==}
    engines: {node: '>= 0.4'}

  estree-walker@2.0.2:
    resolution: {integrity: sha512-Rfkk/Mp/DL7JVje3u18FxFujQlTNR2q6QfMSMB7AvCBx91NGj/ba3kCfza0f6dVDbw7YlRf/nDrn7pQrCCyQ/w==}

  fsevents@2.3.3:
    resolution: {integrity: sha512-5xoDfX+fL7faATnagmWPpbFtwh/R77WmMMqqHGS65C3vvB0YHrgF+B1YmZ3441tMj5n63k0212XNoJwzlhffQw==}
    engines: {node: ^8.16.0 || ^10.6.0 || >=11.0.0}
    os: [darwin]

  function-bind@1.1.2:
    resolution: {integrity: sha512-7XHNxH7qX9xG5mIwxkhumTox/MIRNcOgDrxWsMt2pAr23WHp6MrRlN7FBSFpCpr+oVO0F744iUgR82nJMfG2SA==}

  happy-dom@20.14.5:
    resolution: {integrity: sha512-x/RzkpWO40bTjIoT30iQtt64FLLmH/iRcUCN2X//bLx7H3ifkdfPXyqsro/OYtqzIAhiLMMA7mmiOR9C3NOKjQ==}
    engines: {node: '>=20.0.0'}

  hasown@2.0.4:
    resolution: {integrity: sha512-T2UbfbBEF32wiepXIsMlTW9+dDYC6wMh/t/vYA4tuOMKqWz/n3vr1NFSxQiyP+zk2mXsoMA/i/7qV6LKut1t1A==}
    engines: {node: '>= 0.4'}

  is-core-module@2.17.0:
    resolution: {integrity: sha512-J/vG0zBCbIKOQFfufSwyXdMrsohyJIUNkrnmo6WZGzoM7tr/lsbfW5b2BvisL6zsyMzK9UxV9L6c7AoFbyXHOA==}
    engines: {node: '>= 0.4'}

  is-module@1.0.0:
    resolution: {integrity: sha512-51ypPSPCoTEIN9dy5Oy+h4pShgJmPCygKfyRCISBI+JoWT/2oJvK8QPxmwv7b/p239jXrm9M1mlQbyKJ5A152g==}

  lit-element@4.2.2:
    resolution: {integrity: sha512-aFKhNToWxoyhkNDmWZwEva2SlQia+jfG0fjIWV//YeTaWrVnOxD89dPKfigCUspXFmjzOEUQpOkejH5Ly6sG0w==}

  lit-html@3.3.3:
    resolution: {integrity: sha512-el8M6jK2o3RXBnrSHX3ZKrsN8zEV63pSExTO1wYJz7QndGYZ8353e2a5PPX+qHe2aGayfnchQmkAojaWAREOIA==}

  lit@3.3.3:
    resolution: {integrity: sha512-fycuvZg/hkpozL00lm1pEJH5nN/lr9ZXd6mJI2HSN4+Bzc+LDNdEApJ6HFbPkdFNHLvOplIIuJvxkS4XUxqirw==}

  path-parse@1.0.7:
    resolution: {integrity: sha512-LDJzPVEEEPR+y48z93A0Ed0yXb8pAByGWo/k5YYdYgpY2/2EsOsksJrq7lOHxryrVOn1ejG6oAp8ahvOIQD8sw==}

  picomatch@4.0.7:
    resolution: {integrity: sha512-qcJu88Q2IWqJsDD529JKMdwGm/dvInW4HvQnRwiH9JtihJvzGOscDtHE3x1pBKeUOTysQ8kVmLnJ2kJu7yhcGA==}
    engines: {node: '>=12'}

  resolve@1.22.12:
    resolution: {integrity: sha512-TyeJ1zif53BPfHootBGwPRYT1RUt6oGWsaQr8UyZW/eAm9bKoijtvruSDEmZHm92CwS9nj7/fWttqPCgzep8CA==}
    engines: {node: '>= 0.4'}
    hasBin: true

  rollup@4.64.0:
    resolution: {integrity: sha512-gjA/kFeDfffII8COoPsvLPvE16hWDTEc1+0QKQNKUkuV8iJjqsC4xXs8/FzuL0v9EV39kuxTbAgcFoTRyy2TGQ==}
    engines: {node: '>=18.0.0', npm: '>=8.0.0'}
    hasBin: true

  supports-preserve-symlinks-flag@1.0.0:
    resolution: {integrity: sha512-ot0WnXS9fgdkgIcePe6RHNk1WA8+muPa6cSjeR3V8K27q9BB1rTE3R1p7Hv0z1ZyAc8s6Vvv8DIyWf681MAt0w==}
    engines: {node: '>= 0.4'}

  undici-types@8.9.0:
    resolution: {integrity: sha512-KTDyRTYX8sWmKXAikPHHSyc63CRPETMctyjKFupcC6OBLXT3xsN0e9aF7m+mIXutFWpUXuedtowG7iLOzp0kQg==}

  whatwg-mimetype@3.0.0:
    resolution: {integrity: sha512-nt+N2dzIutVRxARx1nghPKGv1xHikU7HKdfafKkLNLindmPU/ch3U31NOCGGA/dmPcmb1VlofO0vnKAcsm0o/Q==}
    engines: {node: '>=12'}

  ws@8.22.0:
    resolution: {integrity: sha512-Ydggc987+RO0AnWtZ/7Wq9FtNvcrL1b/RO0ud9mWjUPgDrsAAwQSF51sm2hm1XofbU/4jkpGEsLFsZZxU+1DOg==}
    engines: {node: '>=10.0.0'}
    peerDependencies:
      bufferutil: ^4.0.1
      utf-8-validate: '>=5.0.2'
    peerDependenciesMeta:
      bufferutil:
        optional: true
      utf-8-validate:
        optional: true

snapshots:

  '@lit-labs/ssr-dom-shim@1.6.0': {}

  '@lit/reactive-element@2.1.2':
    dependencies:
      '@lit-labs/ssr-dom-shim': 1.6.0

  '@napi-rs/lzma-linux-x64-gnu@1.5.1':
    optional: true

  '@rollup/plugin-node-resolve@16.0.3(rollup@4.64.0)':
    dependencies:
      '@rollup/pluginutils': 5.4.0(rollup@4.64.0)
      '@types/resolve': 1.20.2
      deepmerge: 4.3.1
      is-module: 1.0.0
      resolve: 1.22.12
    optionalDependencies:
      rollup: 4.64.0

  '@rollup/pluginutils@5.4.0(rollup@4.64.0)':
    dependencies:
      '@types/estree': 1.0.9
      estree-walker: 2.0.2
      picomatch: 4.0.7
    optionalDependencies:
      rollup: 4.64.0

  '@rollup/rollup-android-arm-eabi@4.64.0':
    optional: true

  '@rollup/rollup-android-arm64@4.64.0':
    optional: true

  '@rollup/rollup-darwin-arm64@4.64.0':
    optional: true

  '@rollup/rollup-darwin-x64@4.64.0':
    optional: true

  '@rollup/rollup-freebsd-arm64@4.64.0':
    optional: true

  '@rollup/rollup-freebsd-x64@4.64.0':
    optional: true

  '@rollup/rollup-linux-arm-gnueabihf@4.64.0':
    optional: true

  '@rollup/rollup-linux-arm-musleabihf@4.64.0':
    optional: true

  '@rollup/rollup-linux-arm64-gnu@4.64.0':
    optional: true

  '@rollup/rollup-linux-arm64-musl@4.64.0':
    optional: true

  '@rollup/rollup-linux-loong64-gnu@4.64.0':
    optional: true

  '@rollup/rollup-linux-loong64-musl@4.64.0':
    optional: true

  '@rollup/rollup-linux-ppc64-gnu@4.64.0':
    optional: true

  '@rollup/rollup-linux-ppc64-musl@4.64.0':
    optional: true

  '@rollup/rollup-linux-riscv64-gnu@4.64.0':
    optional: true

  '@rollup/rollup-linux-riscv64-musl@4.64.0':
    optional: true

  '@rollup/rollup-linux-s390x-gnu@4.64.0':
    optional: true

  '@rollup/rollup-linux-x64-gnu@4.64.0':
    optional: true

  '@rollup/rollup-linux-x64-musl@4.64.0':
    optional: true

  '@rollup/rollup-openbsd-x64@4.64.0':
    optional: true

  '@rollup/rollup-openharmony-arm64@4.64.0':
    optional: true

  '@rollup/rollup-win32-arm64-msvc@4.64.0':
    optional: true

  '@rollup/rollup-win32-ia32-msvc@4.64.0':
    optional: true

  '@rollup/rollup-win32-x64-gnu@4.64.0':
    optional: true

  '@rollup/rollup-win32-x64-msvc@4.64.0':
    optional: true

  '@types/estree@1.0.9': {}

  '@types/node@26.6.4':
    dependencies:
      undici-types: 8.9.0

  '@types/resolve@1.20.2': {}

  '@types/trusted-types@2.0.7': {}

  '@types/whatwg-mimetype@3.0.2': {}

  '@types/ws@8.18.2':
    dependencies:
      '@types/node': 26.6.4

  buffer-image-size@0.6.4:
    dependencies:
      '@types/node': 26.6.4

  deepmerge@4.3.1: {}

  entities@7.0.1: {}

  es-errors@1.3.0: {}

  estree-walker@2.0.2: {}

  fsevents@2.3.3:
    optional: true

  function-bind@1.1.2: {}

  happy-dom@20.14.5:
    dependencies:
      '@types/node': 26.6.4
      '@types/whatwg-mimetype': 3.0.2
      '@types/ws': 8.18.2
      buffer-image-size: 0.6.4
      entities: 7.0.1
      whatwg-mimetype: 3.0.0
      ws: 8.22.0
    transitivePeerDependencies:
      - bufferutil
      - utf-8-validate

  hasown@2.0.4:
    dependencies:
      function-bind: 1.1.2

  is-core-module@2.17.0:
    dependencies:
      hasown: 2.0.4

  is-module@1.0.0: {}

  lit-element@4.2.2:
    dependencies:
      '@lit-labs/ssr-dom-shim': 1.6.0
      '@lit/reactive-element': 2.1.2
      lit-html: 3.3.3

  lit-html@3.3.3:
    dependencies:
      '@types/trusted-types': 2.0.7

  lit@3.3.3:
    dependencies:
      '@lit/reactive-element': 2.1.2
      lit-element: 4.2.2
      lit-html: 3.3.3

  path-parse@1.0.7: {}

  picomatch@4.0.7: {}

  resolve@1.22.12:
    dependencies:
      es-errors: 1.3.0
      is-core-module: 2.17.0
      path-parse: 1.0.7
      supports-preserve-symlinks-flag: 1.0.0

  rollup@4.64.0:
    dependencies:
      '@types/estree': 1.0.9
    optionalDependencies:
      '@napi-rs/lzma-linux-x64-gnu': 1.5.1
      '@rollup/rollup-android-arm-eabi': 4.64.0
      '@rollup/rollup-android-arm64': 4.64.0
      '@rollup/rollup-darwin-arm64': 4.64.0
      '@rollup/rollup-darwin-x64': 4.64.0
      '@rollup/rollup-freebsd-arm64': 4.64.0
      '@rollup/rollup-freebsd-x64': 4.64.0
      '@rollup/rollup-linux-arm-gnueabihf': 4.64.0
      '@rollup/rollup-linux-arm-musleabihf': 4.64.0
      '@rollup/rollup-linux-arm64-gnu': 4.64.0
      '@rollup/rollup-linux-arm64-musl': 4.64.0
      '@rollup/rollup-linux-loong64-gnu': 4.64.0
      '@rollup/rollup-linux-loong64-musl': 4.64.0
      '@rollup/rollup-linux-ppc64-gnu': 4.64.0
      '@rollup/rollup-linux-ppc64-musl': 4.64.0
      '@rollup/rollup-linux-riscv64-gnu': 4.64.0
      '@rollup/rollup-linux-riscv64-musl': 4.64.0
      '@rollup/rollup-linux-s390x-gnu': 4.64.0
      '@rollup/rollup-linux-x64-gnu': 4.64.0
      '@rollup/rollup-linux-x64-musl': 4.64.0
      '@rollup/rollup-openbsd-x64': 4.64.0
      '@rollup/rollup-openharmony-arm64': 4.64.0
      '@rollup/rollup-win32-arm64-msvc': 4.64.0
      '@rollup/rollup-win32-ia32-msvc': 4.64.0
      '@rollup/rollup-win32-x64-gnu': 4.64.0
      '@rollup/rollup-win32-x64-msvc': 4.64.0
      fsevents: 2.3.3

  supports-preserve-symlinks-flag@1.0.0: {}

  undici-types@8.9.0: {}

  whatwg-mimetype@3.0.0: {}

  ws@8.22.0: {}
